
Microsoft Visual Studio Solution File, Format Version 11.00
# Visual Studio 2010
# SharpDevelop 4.4
Project("{FAE04EC0-301F-11D3-BF4B-00C04F79EFBC}") = "Tmp", "Tmp\Tmp.csproj", "{A13FD5B8-7854-46C5-887E-2CF7F2DA5400}"
EndProject
Global
	GlobalSection(SolutionConfigurationPlatforms) = preSolution
		Debug|Any CPU = Debug|Any CPU
		Release|Any CPU = Release|Any CPU
	EndGlobalSection
	GlobalSection(ProjectConfigurationPlatforms) = postSolution
		{A13FD5B8-7854-46C5-887E-2CF7F2DA5400}.Debug|Any CPU.Build.0 = Debug|Any CPU
		{A13FD5B8-7854-46C5-887E-2CF7F2DA5400}.Debug|Any CPU.ActiveCfg = Debug|Any CPU
		{A13FD5B8-7854-46C5-887E-2CF7F2DA5400}.Release|Any CPU.Build.0 = Release|Any CPU
		{A13FD5B8-7854-46C5-887E-2CF7F2DA5400}.Release|Any CPU.ActiveCfg = Release|Any CPU
	EndGlobalSection
EndGlobal
